
Microsoft Visual Studio Solution File, Format Version 12.00
# Visual Studio 15
VisualStudioVersion = 15.0.26124.0
MinimumVisualStudioVersion = 15.0.26124.0
Project("{FAE04EC0-301F-11D3-BF4B-00C04F79EFBC}") = "Actio.Api", "Actio.Api\Actio.Api.csproj", "{87244C83-11CE-46FB-9420-6674C61737EB}"
EndProject
Project("{FAE04EC0-301F-11D3-BF4B-00C04F79EFBC}") = "Actio.Services.Identity", "Actio.Services.Identity\Actio.Services.Identity.csproj", "{F15FE44A-52BD-400E-A586-A075977782ED}"
EndProject
Project("{FAE04EC0-301F-11D3-BF4B-00C04F79EFBC}") = "Actio.Services.Activities", "Actio.Services.Activities\Actio.Services.Activities.csproj", "{3CC7B59A-03FD-4849-BE20-69A289733378}"
EndProject
Project("{FAE04EC0-301F-11D3-BF4B-00C04F79EFBC}") = "Actio.Common", "Actio.Common\Actio.Common.csproj", "{CEE9BFF2-F9C4-477C-9388-2DC1E5ECF821}"
EndProject
Global
	GlobalSection(SolutionConfigurationPlatforms) = preSolution
		Debug|Any CPU = Debug|Any CPU
		Debug|x64 = Debug|x64
		Debug|x86 = Debug|x86
		Release|Any CPU = Release|Any CPU
		Release|x64 = Release|x64
		Release|x86 = Release|x86
	EndGlobalSection
	GlobalSection(SolutionProperties) = preSolution
		HideSolutionNode = FALSE
	EndGlobalSection
	GlobalSection(ProjectConfigurationPlatforms) = postSolution
		{87244C83-11CE-46FB-9420-6674C61737EB}.Debug|Any CPU.ActiveCfg = Debug|Any CPU
		{87244C83-11CE-46FB-9420-6674C61737EB}.Debug|Any CPU.Build.0 = Debug|Any CPU
		{87244C83-11CE-46FB-9420-6674C61737EB}.Debug|x64.ActiveCfg = Debug|Any CPU
		{87244C83-11CE-46FB-9420-6674C61737EB}.Debug|x64.Build.0 = Debug|Any CPU
		{87244C83-11CE-46FB-9420-6674C61737EB}.Debug|x86.ActiveCfg = Debug|Any CPU
		{87244C83-11CE-46FB-9420-6674C61737EB}.Debug|x86.Build.0 = Debug|Any CPU
		{87244C83-11CE-46FB-9420-6674C61737EB}.Release|Any CPU.ActiveCfg = Release|Any CPU
		{87244C83-11CE-46FB-9420-6674C61737EB}.Release|Any CPU.Build.0 = Release|Any CPU
		{87244C83-11CE-46FB-9420-6674C61737EB}.Release|x64.ActiveCfg = Release|Any CPU
		{87244C83-11CE-46FB-9420-6674C61737EB}.Release|x64.Build.0 = Release|Any CPU
		{87244C83-11CE-46FB-9420-6674C61737EB}.Release|x86.ActiveCfg = Release|Any CPU
		{87244C83-11CE-46FB-9420-6674C61737EB}.Release|x86.Build.0 = Release|Any CPU
		{F15FE44A-52BD-400E-A586-A075977782ED}.Debug|Any CPU.ActiveCfg = Debug|Any CPU
		{F15FE44A-52BD-400E-A586-A075977782ED}.Debug|Any CPU.Build.0 = Debug|Any CPU
		{F15FE44A-52BD-400E-A586-A075977782ED}.Debug|x64.ActiveCfg = Debug|Any CPU
		{F15FE44A-52BD-400E-A586-A075977782ED}.Debug|x64.Build.0 = Debug|Any CPU
		{F15FE44A-52BD-400E-A586-A075977782ED}.Debug|x86.ActiveCfg = Debug|Any CPU
		{F15FE44A-52BD-400E-A586-A075977782ED}.Debug|x86.Build.0 = Debug|Any CPU
		{F15FE44A-52BD-400E-A586-A075977782ED}.Release|Any CPU.ActiveCfg = Release|Any CPU
		{F15FE44A-52BD-400E-A586-A075977782ED}.Release|Any CPU.Build.0 = Release|Any CPU
		{F15FE44A-52BD-400E-A586-A075977782ED}.Release|x64.ActiveCfg = Release|Any CPU
		{F15FE44A-52BD-400E-A586-A075977782ED}.Release|x64.Build.0 = Release|Any CPU
		{F15FE44A-52BD-400E-A586-A075977782ED}.Release|x86.ActiveCfg = Release|Any CPU
		{F15FE44A-52BD-400E-A586-A075977782ED}.Release|x86.Build.0 = Release|Any CPU
		{3CC7B59A-03FD-4849-BE20-69A289733378}.Debug|Any CPU.ActiveCfg = Debug|Any CPU
		{3CC7B59A-03FD-4849-BE20-69A289733378}.Debug|Any CPU.Build.0 = Debug|Any CPU
		{3CC7B59A-03FD-4849-BE20-69A289733378}.Debug|x64.ActiveCfg = Debug|Any CPU
		{3CC7B59A-03FD-4849-BE20-69A289733378}.Debug|x64.Build.0 = Debug|Any CPU
		{3CC7B59A-03FD-4849-BE20-69A289733378}.Debug|x86.ActiveCfg = Debug|Any CPU
		{3CC7B59A-03FD-4849-BE20-69A289733378}.Debug|x86.Build.0 = Debug|Any CPU
		{3CC7B59A-03FD-4849-BE20-69A289733378}.Release|Any CPU.ActiveCfg = Release|Any CPU
		{3CC7B59A-03FD-4849-BE20-69A289733378}.Release|Any CPU.Build.0 = Release|Any CPU
		{3CC7B59A-03FD-4849-BE20-69A289733378}.Release|x64.ActiveCfg = Release|Any CPU
		{3CC7B59A-03FD-4849-BE20-69A289733378}.Release|x64.Build.0 = Release|Any CPU
		{3CC7B59A-03FD-4849-BE20-69A289733378}.Release|x86.ActiveCfg = Release|Any CPU
		{3CC7B59A-03FD-4849-BE20-69A289733378}.Release|x86.Build.0 = Release|Any CPU
		{CEE9BFF2-F9C4-477C-9388-2DC1E5ECF821}.Debug|Any CPU.ActiveCfg = Debug|Any CPU
		{CEE9BFF2-F9C4-477C-9388-2DC1E5ECF821}.Debug|Any CPU.Build.0 = Debug|Any CPU
		{CEE9BFF2-F9C4-477C-9388-2DC1E5ECF821}.Debug|x64.ActiveCfg = Debug|Any CPU
		{CEE9BFF2-F9C4-477C-9388-2DC1E5ECF821}.Debug|x64.Build.0 = Debug|Any CPU
		{CEE9BFF2-F9C4-477C-9388-2DC1E5ECF821}.Debug|x86.ActiveCfg = Debug|Any CPU
		{CEE9BFF2-F9C4-477C-9388-2DC1E5ECF821}.Debug|x86.Build.0 = Debug|Any CPU
		{CEE9BFF2-F9C4-477C-9388-2DC1E5ECF821}.Release|Any CPU.ActiveCfg = Release|Any CPU
		{CEE9BFF2-F9C4-477C-9388-2DC1E5ECF821}.Release|Any CPU.Build.0 = Release|Any CPU
		{CEE9BFF2-F9C4-477C-9388-2DC1E5ECF821}.Release|x64.ActiveCfg = Release|Any CPU
		{CEE9BFF2-F9C4-477C-9388-2DC1E5ECF821}.Release|x64.Build.0 = Release|Any CPU
		{CEE9BFF2-F9C4-477C-9388-2DC1E5ECF821}.Release|x86.ActiveCfg = Release|Any CPU
		{CEE9BFF2-F9C4-477C-9388-2DC1E5ECF821}.Release|x86.Build.0 = Release|Any CPU
	EndGlobalSection
EndGlobal
